
Microsoft Visual Studio Solution File, Format Version 12.00
# Visual Studio Version 17
VisualStudioVersion = 17.12.35506.116
MinimumVisualStudioVersion = 10.0.40219.1
Project("{FAE04EC0-301F-11D3-BF4B-00C04F79EFBC}") = "Console.MainApp", "Console.MainApp\Console.MainApp.csproj", "{63D1EA21-0D33-4E7D-BCEA-A19F1401812C}"
EndProject
Project("{FAE04EC0-301F-11D3-BF4B-00C04F79EFBC}") = "Business", "Business\Business.csproj", "{B261D482-5C10-4441-A1FD-2B0DC2CB2AD9}"
EndProject
Project("{FAE04EC0-301F-11D3-BF4B-00C04F79EFBC}") = "Business.Tests", "Business.Tests\Business.Tests.csproj", "{BB2F9B03-E7C3-4B8A-85E7-A502F8224534}"
EndProject
Global
	GlobalSection(SolutionConfigurationPlatforms) = preSolution
		Debug|Any CPU = Debug|Any CPU
		Release|Any CPU = Release|Any CPU
	EndGlobalSection
	GlobalSection(ProjectConfigurationPlatforms) = postSolution
		{63D1EA21-0D33-4E7D-BCEA-A19F1401812C}.Debug|Any CPU.ActiveCfg = Debug|Any CPU
		{63D1EA21-0D33-4E7D-BCEA-A19F1401812C}.Debug|Any CPU.Build.0 = Debug|Any CPU
		{63D1EA21-0D33-4E7D-BCEA-A19F1401812C}.Release|Any CPU.ActiveCfg = Release|Any CPU
		{63D1EA21-0D33-4E7D-BCEA-A19F1401812C}.Release|Any CPU.Build.0 = Release|Any CPU
		{B261D482-5C10-4441-A1FD-2B0DC2CB2AD9}.Debug|Any CPU.ActiveCfg = Debug|Any CPU
		{B261D482-5C10-4441-A1FD-2B0DC2CB2AD9}.Debug|Any CPU.Build.0 = Debug|Any CPU
		{B261D482-5C10-4441-A1FD-2B0DC2CB2AD9}.Release|Any CPU.ActiveCfg = Release|Any CPU
		{B261D482-5C10-4441-A1FD-2B0DC2CB2AD9}.Release|Any CPU.Build.0 = Release|Any CPU
		{BB2F9B03-E7C3-4B8A-85E7-A502F8224534}.Debug|Any CPU.ActiveCfg = Debug|Any CPU
		{BB2F9B03-E7C3-4B8A-85E7-A502F8224534}.Debug|Any CPU.Build.0 = Debug|Any CPU
		{BB2F9B03-E7C3-4B8A-85E7-A502F8224534}.Release|Any CPU.ActiveCfg = Release|Any CPU
		{BB2F9B03-E7C3-4B8A-85E7-A502F8224534}.Release|Any CPU.Build.0 = Release|Any CPU
	EndGlobalSection
	GlobalSection(SolutionProperties) = preSolution
		HideSolutionNode = FALSE
	EndGlobalSection
EndGlobal
